%{
  "jason": {:hex, :jason, "1.4.4", "b9226785a9aa77b6857ca22832cffa5d5011a667207eb2a0ad56adb5db443b8a", [:mix], [{:decimal, "~> 1.0 or ~> 2.0", [hex: :decimal, repo: "hexpm", optional: true]}], "hexpm", "c5eb0cab91f094599f94d55bc63409236a8ec69a21a67814529e8d5f6cc90b3b"},
  "optimus": {:hex, :optimus, "0.5.0", "7050c0ea7fc448605d77c30bcf34c582919ae2ac1a92116d6c2d404bec822931", [:mix], [], "hexpm", "acfc75b341952d5d1dde8e0550425ecd3b656dfefa1bb4f14aea10005936378a"},
}
